
Microsoft Visual Studio Solution File, Format Version 12.00
# Visual Studio Version 16
VisualStudioVersion = 16.0.32510.428
MinimumVisualStudioVersion = 10.0.40219.1
Project("{FAE04EC0-301F-11D3-BF4B-00C04F79EFBC}") = "Ingready.Android", "Ingready\Ingready.Android\Ingready.Android.csproj", "{134174C9-EF55-4E39-9319-82F1FACC3961}"
EndProject
Project("{FAE04EC0-301F-11D3-BF4B-00C04F79EFBC}") = "Ingready", "Ingready\Ingready\Ingready.csproj", "{3077E1E7-5177-4FBE-97FE-CA5AF0754A18}"
EndProject
Global
	GlobalSection(SolutionConfigurationPlatforms) = preSolution
		Debug|Any CPU = Debug|Any CPU
		Release|Any CPU = Release|Any CPU
	EndGlobalSection
	GlobalSection(ProjectConfigurationPlatforms) = postSolution
		{134174C9-EF55-4E39-9319-82F1FACC3961}.Debug|Any CPU.ActiveCfg = Debug|Any CPU
		{134174C9-EF55-4E39-9319-82F1FACC3961}.Debug|Any CPU.Build.0 = Debug|Any CPU
		{134174C9-EF55-4E39-9319-82F1FACC3961}.Debug|Any CPU.Deploy.0 = Debug|Any CPU
		{134174C9-EF55-4E39-9319-82F1FACC3961}.Release|Any CPU.ActiveCfg = Release|Any CPU
		{134174C9-EF55-4E39-9319-82F1FACC3961}.Release|Any CPU.Build.0 = Release|Any CPU
		{134174C9-EF55-4E39-9319-82F1FACC3961}.Release|Any CPU.Deploy.0 = Release|Any CPU
		{3077E1E7-5177-4FBE-97FE-CA5AF0754A18}.Debug|Any CPU.ActiveCfg = Debug|Any CPU
		{3077E1E7-5177-4FBE-97FE-CA5AF0754A18}.Debug|Any CPU.Build.0 = Debug|Any CPU
		{3077E1E7-5177-4FBE-97FE-CA5AF0754A18}.Debug|Any CPU.Deploy.0 = Debug|Any CPU
		{3077E1E7-5177-4FBE-97FE-CA5AF0754A18}.Release|Any CPU.ActiveCfg = Release|Any CPU
		{3077E1E7-5177-4FBE-97FE-CA5AF0754A18}.Release|Any CPU.Build.0 = Release|Any CPU
		{3077E1E7-5177-4FBE-97FE-CA5AF0754A18}.Release|Any CPU.Deploy.0 = Release|Any CPU
	EndGlobalSection
	GlobalSection(SolutionProperties) = preSolution
		HideSolutionNode = FALSE
	EndGlobalSection
	GlobalSection(ExtensibilityGlobals) = postSolution
		SolutionGuid = {1BD02661-95A4-4F25-86CD-5E5AEC884A06}
	EndGlobalSection
EndGlobal
